
Microsoft Visual Studio Solution File, Format Version 12.00
# Visual Studio Version 17
VisualStudioVersion = 17.0.32112.339
MinimumVisualStudioVersion = 10.0.40219.1
Project("{8BC9CEB8-8B4A-11D0-8D11-00A0C91BC942}") = "TTLLoader", "TTLLoader\TTLLoader.vcxproj", "{43EBCD17-4283-46F7-A7E5-FBF94775784C}"
	ProjectSection(ProjectDependencies) = postProject
		{F62BB624-3782-46B2-9426-8E34BD6A4DDD} = {F62BB624-3782-46B2-9426-8E34BD6A4DDD}
	EndProjectSection
EndProject
Project("{8BC9CEB8-8B4A-11D0-8D11-00A0C91BC942}") = "Core", "Core\Core.vcxproj", "{F62BB624-3782-46B2-9426-8E34BD6A4DDD}"
EndProject
Project("{8BC9CEB8-8B4A-11D0-8D11-00A0C91BC942}") = "LocalCoop", "LocalCoop\LocalCoop.vcxproj", "{D344574E-EB5E-4E7D-9098-81E971BCDDDC}"
EndProject
Project("{8BC9CEB8-8B4A-11D0-8D11-00A0C91BC942}") = "Chip8Mod", "Chip8Mod\Chip8Mod.vcxproj", "{CBF33238-2058-4340-8DB1-5C3A980F2ABC}"
EndProject
Global
	GlobalSection(SolutionConfigurationPlatforms) = preSolution
		Debug|x86 = Debug|x86
		Release|x86 = Release|x86
	EndGlobalSection
	GlobalSection(ProjectConfigurationPlatforms) = postSolution
		{43EBCD17-4283-46F7-A7E5-FBF94775784C}.Debug|x86.ActiveCfg = Debug|Win32
		{43EBCD17-4283-46F7-A7E5-FBF94775784C}.Debug|x86.Build.0 = Debug|Win32
		{43EBCD17-4283-46F7-A7E5-FBF94775784C}.Release|x86.ActiveCfg = Release|Win32
		{43EBCD17-4283-46F7-A7E5-FBF94775784C}.Release|x86.Build.0 = Release|Win32
		{F62BB624-3782-46B2-9426-8E34BD6A4DDD}.Debug|x86.ActiveCfg = Debug|Win32
		{F62BB624-3782-46B2-9426-8E34BD6A4DDD}.Debug|x86.Build.0 = Debug|Win32
		{F62BB624-3782-46B2-9426-8E34BD6A4DDD}.Release|x86.ActiveCfg = Release|Win32
		{F62BB624-3782-46B2-9426-8E34BD6A4DDD}.Release|x86.Build.0 = Release|Win32
		{D344574E-EB5E-4E7D-9098-81E971BCDDDC}.Debug|x86.ActiveCfg = Debug|Win32
		{D344574E-EB5E-4E7D-9098-81E971BCDDDC}.Debug|x86.Build.0 = Debug|Win32
		{D344574E-EB5E-4E7D-9098-81E971BCDDDC}.Release|x86.ActiveCfg = Release|Win32
		{D344574E-EB5E-4E7D-9098-81E971BCDDDC}.Release|x86.Build.0 = Release|Win32
		{CBF33238-2058-4340-8DB1-5C3A980F2ABC}.Debug|x86.ActiveCfg = Debug|Win32
		{CBF33238-2058-4340-8DB1-5C3A980F2ABC}.Debug|x86.Build.0 = Debug|Win32
		{CBF33238-2058-4340-8DB1-5C3A980F2ABC}.Release|x86.ActiveCfg = Release|Win32
		{CBF33238-2058-4340-8DB1-5C3A980F2ABC}.Release|x86.Build.0 = Release|Win32
	EndGlobalSection
	GlobalSection(SolutionProperties) = preSolution
		HideSolutionNode = FALSE
	EndGlobalSection
	GlobalSection(ExtensibilityGlobals) = postSolution
		SolutionGuid = {92554029-CEBD-4C28-9216-38C45D912BB9}
	EndGlobalSection
EndGlobal
